
Microsoft Visual Studio Solution File, Format Version 12.00
# Visual Studio Version 16
VisualStudioVersion = 16.0.31112.23
MinimumVisualStudioVersion = 10.0.40219.1
Project("{FAE04EC0-301F-11D3-BF4B-00C04F79EFBC}") = "Server", "Server\Server.csproj", "{AD79D6F5-8A42-4E65-9C7F-2E774DED481C}"
EndProject
Project("{FAE04EC0-301F-11D3-BF4B-00C04F79EFBC}") = "Client", "Client\Client.csproj", "{46E37A30-48A8-4C12-B553-5CF1546807B6}"
EndProject
Global
	GlobalSection(SolutionConfigurationPlatforms) = preSolution
		Debug|Any CPU = Debug|Any CPU
		Release|Any CPU = Release|Any CPU
	EndGlobalSection
	GlobalSection(ProjectConfigurationPlatforms) = postSolution
		{AD79D6F5-8A42-4E65-9C7F-2E774DED481C}.Debug|Any CPU.ActiveCfg = Debug|Any CPU
		{AD79D6F5-8A42-4E65-9C7F-2E774DED481C}.Debug|Any CPU.Build.0 = Debug|Any CPU
		{AD79D6F5-8A42-4E65-9C7F-2E774DED481C}.Release|Any CPU.ActiveCfg = Release|Any CPU
		{AD79D6F5-8A42-4E65-9C7F-2E774DED481C}.Release|Any CPU.Build.0 = Release|Any CPU
		{46E37A30-48A8-4C12-B553-5CF1546807B6}.Debug|Any CPU.ActiveCfg = Debug|Any CPU
		{46E37A30-48A8-4C12-B553-5CF1546807B6}.Debug|Any CPU.Build.0 = Debug|Any CPU
		{46E37A30-48A8-4C12-B553-5CF1546807B6}.Release|Any CPU.ActiveCfg = Release|Any CPU
		{46E37A30-48A8-4C12-B553-5CF1546807B6}.Release|Any CPU.Build.0 = Release|Any CPU
	EndGlobalSection
	GlobalSection(SolutionProperties) = preSolution
		HideSolutionNode = FALSE
	EndGlobalSection
	GlobalSection(ExtensibilityGlobals) = postSolution
		SolutionGuid = {F51C3299-8C28-43FB-8C77-D59937ECDE1B}
	EndGlobalSection
EndGlobal
